{
  "version": 2,
  "packages": {
    "unittest2": {
      "version": "0.2.1",
      "vcsRevision": "262b697f38d6b6f1e7462d3b3ab81d79b894e336",
      "url": "https://github.com/status-im/nim-unittest2.git",
      "downloadMethod": "git",
      "dependencies": [],
      "checksums": {
        "sha1": "1bac3a8355441edeed1ef3134e7436d6fb5d4498"
      }
    },
    "bearssl": {
      "version": "0.2.1",
      "vcsRevision": "d55d3a86d7ec3ad11b244e17b3bad490bfbd076d",
      "url": "https://github.com/status-im/nim-bearssl.git",
      "downloadMethod": "git",
      "dependencies": [
        "unittest2"
      ],
      "checksums": {
        "sha1": "5327c983483c4dd465347c6b8a974239c7c6c612"
      }
    },
    "testutils": {
      "version": "0.5.0",
      "vcsRevision": "b56a5953e37fc5117bd6ea6dfa18418c5e112815",
      "url": "https://github.com/status-im/nim-testutils.git",
      "downloadMethod": "git",
      "dependencies": [
        "unittest2"
      ],
      "checksums": {
        "sha1": "5969947aac865bacf9487b5fb5c33e4a59463f0f"
      }
    },
    "results": {
      "version": "0.4.0",
      "vcsRevision": "f3c666a272c69d70cb41e7245e7f6844797303ad",
      "url": "https://github.com/arnetheduck/nim-results.git",
      "downloadMethod": "git",
      "dependencies": [],
      "checksums": {
        "sha1": "51e08ca9524db98dc909fb39192272cc2b5451c7"
      }
    },
    "stew": {
      "version": "0.1.0",
      "vcsRevision": "2c2544aec13536304438be045bfdd22452741466",
      "url": "https://github.com/status-im/nim-stew.git",
      "downloadMethod": "git",
      "dependencies": [
        "results",
        "unittest2"
      ],
      "checksums": {
        "sha1": "0d3c4f15a4cff934ec30e5b2d5fe590922839a4e"
      }
    },
    "faststreams": {
      "version": "0.3.0",
      "vcsRevision": "720fc5e5c8e428d9d0af618e1e27c44b42350309",
      "url": "https://github.com/status-im/nim-faststreams.git",
      "downloadMethod": "git",
      "dependencies": [
        "stew",
        "unittest2"
      ],
      "checksums": {
        "sha1": "ab178ba25970b95d953434b5d86b4d60396ccb64"
      }
    },
    "serialization": {
      "version": "0.2.2",
      "vcsRevision": "4d541ec43454809904fc4c3c0a7436410ad597d2",
      "url": "https://github.com/status-im/nim-serialization.git",
      "downloadMethod": "git",
      "dependencies": [
        "faststreams",
        "unittest2",
        "stew"
      ],
      "checksums": {
        "sha1": "1dcdb29f17d0aff295e7e57edf530b1e16fb6c59"
      }
    },
    "json_serialization": {
      "version": "0.2.2",
      "vcsRevision": "3f1ce24ee116daedbc9c8be525e63ec03e185a28",
      "url": "https://github.com/status-im/nim-json-serialization.git",
      "downloadMethod": "git",
      "dependencies": [
        "serialization",
        "stew"
      ],
      "checksums": {
        "sha1": "da0d38b775f222703784b273225fe89267430482"
      }
    },
    "chronicles": {
      "version": "0.10.3",
      "vcsRevision": "ccbb7566d1a06bfc1ec42dd8da74a47f1d3b3f4b",
      "url": "https://github.com/status-im/nim-chronicles.git",
      "downloadMethod": "git",
      "dependencies": [
        "testutils",
        "json_serialization"
      ],
      "checksums": {
        "sha1": "09ae5c46be94aa60d2b0ca80c215a142f94e3603"
      }
    },
    "httputils": {
      "version": "0.3.0",
      "vcsRevision": "77a59297ad635d91a6352ef48ee09c6bde0c5d86",
      "url": "https://github.com/status-im/nim-http-utils.git",
      "downloadMethod": "git",
      "dependencies": [
        "stew",
        "unittest2"
      ],
      "checksums": {
        "sha1": "f53480dd7ed0ac9b3ca7972f8b5e0f1862ce99ac"
      }
    },
    "chronos": {
      "version": "3.2.0",
      "vcsRevision": "41f77d261ead2508acdd3bd3f88a5cbbcefff05f",
      "url": "https://github.com/status-im/nim-chronos.git",
      "downloadMethod": "git",
      "dependencies": [
        "results",
        "stew",
        "bearssl",
        "httputils",
        "unittest2"
      ],
      "checksums": {
        "sha1": "f2bce72e6408be30da7b098d9d4e20fe6abc1ff8"
      }
    },
    "nimcrypto": {
      "version": "0.6.0",
      "vcsRevision": "a079df92424968d46a6ac258299ce9380aa153f2",
      "url": "https://github.com/cheatfate/nimcrypto.git",
      "downloadMethod": "git",
      "dependencies": [],
      "checksums": {
        "sha1": "be9a4654dd5839b97f39d5060d98f18ba868623c"
      }
    },
    "stint": {
      "version": "2.0.0",
      "vcsRevision": "711cda4456c32d3ba3c6c4524135b3453dffeb9c",
      "url": "https://github.com/status-im/nim-stint.git",
      "downloadMethod": "git",
      "dependencies": [
        "stew"
      ],
      "checksums": {
        "sha1": "432d8fa883c807932fc78ecd33fc944637e2d328"
      }
    },
    "secp256k1": {
      "version": "0.6.0.3.2",
      "vcsRevision": "7246d91c667f4cc3759fdd50339caa45a2ecd8be",
      "url": "https://github.com/status-im/nim-secp256k1",
      "downloadMethod": "git",
      "dependencies": [
        "stew",
        "nimcrypto"
      ],
      "checksums": {
        "sha1": "aa0f88a68f67cef07f9f4a365a0121a2217dab81"
      }
    },
    "nat_traversal": {
      "version": "0.0.1",
      "vcsRevision": "14e016503fe6488230e6d0e59396efde96bd9252",
      "url": "https://github.com/status-im/nim-nat-traversal.git",
      "downloadMethod": "git",
      "dependencies": [
        "stew"
      ],
      "checksums": {
        "sha1": "c3388d325ca7757ed0faf79765ca5996ac1435a3"
      }
    },
    "metrics": {
      "version": "0.0.1",
      "vcsRevision": "51f1227d0fd04ce84b1ef784b11280cb7875348c",
      "url": "https://github.com/status-im/nim-metrics.git",
      "downloadMethod": "git",
      "dependencies": [
        "chronos"
      ],
      "checksums": {
        "sha1": "948aaca1763c838a7752251bab9a8bcfda66acfe"
      }
    },
    "sqlite3_abi": {
      "version": "3.40.1.1",
      "vcsRevision": "362e1bd9f689ad9f5380d9d27f0705b3d4dfc7d3",
      "url": "https://github.com/arnetheduck/nim-sqlite3-abi.git",
      "downloadMethod": "git",
      "dependencies": [],
      "checksums": {
        "sha1": "8e91db8156a82383d9c48f53b33e48f4e93077b1"
      }
    },
    "confutils": {
      "version": "0.1.0",
      "vcsRevision": "7568f1b7c3142d8e87c1f3dd42924238926affbe",
      "url": "https://github.com/status-im/nim-confutils.git",
      "downloadMethod": "git",
      "dependencies": [
        "stew",
        "serialization"
      ],
      "checksums": {
        "sha1": "83687cf47f95204a48a21e83ecd71d2f0f4898d1"
      }
    },
    "eth": {
      "version": "1.0.0",
      "vcsRevision": "5aaeb67ebedbefaae2f719f245a96c1a80c42f81",
      "url": "https://github.com/status-im/nim-eth.git",
      "downloadMethod": "git",
      "dependencies": [
        "nimcrypto",
        "stint",
        "secp256k1",
        "chronos",
        "chronicles",
        "stew",
        "nat_traversal",
        "metrics",
        "sqlite3_abi",
        "confutils",
        "testutils",
        "unittest2"
      ],
      "checksums": {
        "sha1": "08c4ce59941aced7ac6ed9d8abb99cdc0d73c5d3"
      }
    },
    "dnsdisc": {
      "version": "0.1.0",
      "vcsRevision": "302dfde46fa72a4e0de58a3dbdf54f5a77350816",
      "url": "https://github.com/status-im/nim-dnsdisc",
      "downloadMethod": "git",
      "dependencies": [
        "bearssl",
        "chronicles",
        "chronos",
        "eth",
        "secp256k1",
        "stew",
        "testutils",
        "unittest2",
        "nimcrypto",
        "results"
      ],
      "checksums": {
        "sha1": "b47e8617b6f14a8d55d0a7b82f7778b6ff5ea2a2"
      }
    },
    "libbacktrace": {
      "version": "0.0.8",
      "vcsRevision": "aad5aa227c43a83984245b180c6c295ce9ff561b",
      "url": "https://github.com/status-im/nim-libbacktrace.git",
      "downloadMethod": "git",
      "dependencies": [],
      "checksums": {
        "sha1": "fec37613a1903b61a81cb750b3ab99fb567ff77b"
      }
    },
    "dnsclient": {
      "version": "0.3.4",
      "vcsRevision": "23214235d4784d24aceed99bbfe153379ea557c8",
      "url": "https://github.com/ba0f3/dnsclient.nim",
      "downloadMethod": "git",
      "dependencies": [],
      "checksums": {
        "sha1": "65262c7e533ff49d6aca5539da4bc6c6ce132f40"
      }
    },
    "zlib": {
      "version": "0.1.0",
      "vcsRevision": "a2f44bb7f65571a894227ff6fde9298a104e03a5",
      "url": "https://github.com/status-im/nim-zlib.git",
      "downloadMethod": "git",
      "dependencies": [
        "stew"
      ],
      "checksums": {
        "sha1": "edbf76ebdecb63d302d1883fe4b23b2eb0608cb7"
      }
    },
    "websock": {
      "version": "0.1.0",
      "vcsRevision": "f8ed9b40a5ff27ad02a3c237c4905b0924e3f982",
      "url": "https://github.com/status-im/nim-websock.git",
      "downloadMethod": "git",
      "dependencies": [
        "chronos",
        "httputils",
        "chronicles",
        "stew",
        "nimcrypto",
        "bearssl",
        "zlib"
      ],
      "checksums": {
        "sha1": "94f836ae589056b2deb04bdfdcd614fff80adaf5"
      }
    },
    "libp2p": {
      "version": "1.1.0",
      "vcsRevision": "e3c967ad1939fb33b8e13759037d193734acd202",
      "url": "https://github.com/status-im/nim-libp2p.git",
      "downloadMethod": "git",
      "dependencies": [
        "nimcrypto",
        "dnsclient",
        "bearssl",
        "chronicles",
        "chronos",
        "metrics",
        "secp256k1",
        "stew",
        "websock",
        "unittest2"
      ],
      "checksums": {
        "sha1": "fbc9aef1a5d8e9cc79fed0328266eacc0339de47"
      }
    },
    "json_rpc": {
      "version": "0.0.2",
      "vcsRevision": "33360528d208aaa70a6ed914619fe76321760d54",
      "url": "https://github.com/status-im/nim-json-rpc.git",
      "downloadMethod": "git",
      "dependencies": [
        "stew",
        "nimcrypto",
        "stint",
        "chronos",
        "httputils",
        "chronicles",
        "websock",
        "json_serialization",
        "unittest2"
      ],
      "checksums": {
        "sha1": "406939eb32c7ff783e2e54469adab65169685fde"
      }
    },
    "web3": {
      "version": "0.0.1",
      "vcsRevision": "428b931e7c4f1284b4272bc2c11fca2bd70991cd",
      "url": "https://github.com/status-im/nim-web3.git",
      "downloadMethod": "git",
      "dependencies": [
        "chronicles",
        "chronos",
        "eth",
        "faststreams",
        "json_rpc",
        "json_serialization",
        "nimcrypto",
        "stew",
        "stint"
      ],
      "checksums": {
        "sha1": "ecf895899846b8e01a6ef995aa6844e89bd068ad"
      }
    },
    "presto": {
      "version": "0.0.4",
      "vcsRevision": "5ca16485e4d74e531d50d289ebc0f869d9e6352b",
      "url": "https://github.com/status-im/nim-presto.git",
      "downloadMethod": "git",
      "dependencies": [
        "chronos",
        "chronicles",
        "metrics",
        "stew"
      ],
      "checksums": {
        "sha1": "ffd1784043d27b5afe6e9cb449f7afcd5f916d20"
      }
    },
    "unicodedb": {
      "version": "0.12.0",
      "vcsRevision": "04a154eee0b8a2ad313e24ba46a4e5b4e0b9036f",
      "url": "https://github.com/nitely/nim-unicodedb.git",
      "downloadMethod": "git",
      "dependencies": [],
      "checksums": {
        "sha1": "1ca99e49239b8d2d259f0776bcb10dc1315518f8"
      }
    },
    "prompt": {
      "version": "0.0.1",
      "vcsRevision": "b0ea27c34ca7aaee42333541f37b182fa239c844",
      "url": "https://github.com/surf1nb1rd/nim-prompt",
      "downloadMethod": "git",
      "dependencies": [
        "unicodedb"
      ],
      "checksums": {
        "sha1": "e5c5a97df2c9950edbd0f8f5d9afc7cb57c0d9f2"
      }
    },
    "untar": {
      "version": "0.1.0",
      "vcsRevision": "b49f6ac94974fe11cb3d396a8a9c533824a497a7",
      "url": "https://github.com/dom96/untar",
      "downloadMethod": "git",
      "dependencies": [],
      "checksums": {
        "sha1": "ceb12634783156ddd511410242dc7855ae2f4a14"
      }
    },
    "regex": {
      "version": "0.23.0",
      "vcsRevision": "577c4ec3b235c5fd2653a9c86cbc4a576cfc0869",
      "url": "https://github.com/nitely/nim-regex.git",
      "downloadMethod": "git",
      "dependencies": [
        "unicodedb"
      ],
      "checksums": {
        "sha1": "89466caa353b571cdcd8271f2c797ba2c15a89f2"
      }
    },
    "waku": {
      "version": "0.1.0",
      "vcsRevision": "2ec589a795fd1ab1dae5e87f4456e35832e120e5",
      "url": "git@github.com:waku-org/nwaku.git",
      "downloadMethod": "git",
      "dependencies": [
        "chronicles",
        "confutils",
        "chronos",
        "eth",
        "json_rpc",
        "libbacktrace",
        "nimcrypto",
        "stew",
        "stint",
        "metrics",
        "libp2p",
        "web3",
        "presto",
        "regex"
      ],
      "checksums": {
        "sha1": "0e19c5dbc63ef0613d256ba98ad4ae48401a76de"
      }
    }
  },
  "tasks": {}
}
